
Microsoft Visual Studio Solution File, Format Version 12.00
# Visual Studio Version 17
VisualStudioVersion = 17.11.35327.3
MinimumVisualStudioVersion = 10.0.40219.1
Project("{FAE04EC0-301F-11D3-BF4B-00C04F79EFBC}") = "Stock", "Stock\Stock.csproj", "{91691357-D3D9-43D5-94DA-238C30C096ED}"
EndProject
Global
	GlobalSection(SolutionConfigurationPlatforms) = preSolution
		Debug|Any CPU = Debug|Any CPU
		Release|Any CPU = Release|Any CPU
	EndGlobalSection
	GlobalSection(ProjectConfigurationPlatforms) = postSolution
		{91691357-D3D9-43D5-94DA-238C30C096ED}.Debug|Any CPU.ActiveCfg = Debug|Any CPU
		{91691357-D3D9-43D5-94DA-238C30C096ED}.Debug|Any CPU.Build.0 = Debug|Any CPU
		{91691357-D3D9-43D5-94DA-238C30C096ED}.Release|Any CPU.ActiveCfg = Release|Any CPU
		{91691357-D3D9-43D5-94DA-238C30C096ED}.Release|Any CPU.Build.0 = Release|Any CPU
	EndGlobalSection
	GlobalSection(SolutionProperties) = preSolution
		HideSolutionNode = FALSE
	EndGlobalSection
	GlobalSection(ExtensibilityGlobals) = postSolution
		SolutionGuid = {41068B90-66CC-4F34-98E0-02C44F5ECF01}
	EndGlobalSection
EndGlobal
